
Microsoft Visual Studio Solution File, Format Version 12.00
# Visual Studio Version 17
VisualStudioVersion = 17.7.34024.191
MinimumVisualStudioVersion = 10.0.40219.1
Project("{8BC9CEB8-8B4A-11D0-8D11-00A0C91BC942}") = "Laba 5.4", "Laba 5.4\Laba 5.4.vcxproj", "{49F01852-4349-4191-A28B-768A09542AED}"
EndProject
Project("{8BC9CEB8-8B4A-11D0-8D11-00A0C91BC942}") = "UnitTest4", "UnitTest4\UnitTest4.vcxproj", "{5467219C-1EF4-47A3-9466-5CBA59B694F6}"
EndProject
Global
	GlobalSection(SolutionConfigurationPlatforms) = preSolution
		Debug|x64 = Debug|x64
		Debug|x86 = Debug|x86
		Release|x64 = Release|x64
		Release|x86 = Release|x86
	EndGlobalSection
	GlobalSection(ProjectConfigurationPlatforms) = postSolution
		{49F01852-4349-4191-A28B-768A09542AED}.Debug|x64.ActiveCfg = Debug|x64
		{49F01852-4349-4191-A28B-768A09542AED}.Debug|x64.Build.0 = Debug|x64
		{49F01852-4349-4191-A28B-768A09542AED}.Debug|x86.ActiveCfg = Debug|Win32
		{49F01852-4349-4191-A28B-768A09542AED}.Debug|x86.Build.0 = Debug|Win32
		{49F01852-4349-4191-A28B-768A09542AED}.Release|x64.ActiveCfg = Release|x64
		{49F01852-4349-4191-A28B-768A09542AED}.Release|x64.Build.0 = Release|x64
		{49F01852-4349-4191-A28B-768A09542AED}.Release|x86.ActiveCfg = Release|Win32
		{49F01852-4349-4191-A28B-768A09542AED}.Release|x86.Build.0 = Release|Win32
		{5467219C-1EF4-47A3-9466-5CBA59B694F6}.Debug|x64.ActiveCfg = Debug|x64
		{5467219C-1EF4-47A3-9466-5CBA59B694F6}.Debug|x64.Build.0 = Debug|x64
		{5467219C-1EF4-47A3-9466-5CBA59B694F6}.Debug|x86.ActiveCfg = Debug|Win32
		{5467219C-1EF4-47A3-9466-5CBA59B694F6}.Debug|x86.Build.0 = Debug|Win32
		{5467219C-1EF4-47A3-9466-5CBA59B694F6}.Release|x64.ActiveCfg = Release|x64
		{5467219C-1EF4-47A3-9466-5CBA59B694F6}.Release|x64.Build.0 = Release|x64
		{5467219C-1EF4-47A3-9466-5CBA59B694F6}.Release|x86.ActiveCfg = Release|Win32
		{5467219C-1EF4-47A3-9466-5CBA59B694F6}.Release|x86.Build.0 = Release|Win32
	EndGlobalSection
	GlobalSection(SolutionProperties) = preSolution
		HideSolutionNode = FALSE
	EndGlobalSection
	GlobalSection(ExtensibilityGlobals) = postSolution
		SolutionGuid = {160738D8-FCC3-48FD-A43E-24E0E343DC10}
	EndGlobalSection
EndGlobal
